
Microsoft Visual Studio Solution File, Format Version 12.00
# Visual Studio Version 17
VisualStudioVersion = 17.10.34916.146
MinimumVisualStudioVersion = 10.0.40219.1
Project("{FAE04EC0-301F-11D3-BF4B-00C04F79EFBC}") = "Tests", "Tests\Tests.csproj", "{183FAC10-B6D8-4003-9F8F-50E0928A8CD6}"
EndProject
Project("{FAE04EC0-301F-11D3-BF4B-00C04F79EFBC}") = "VirtualKeys", "VirtualKeys\VirtualKeys.csproj", "{DB5F9042-1B50-4A3A-A139-49ECA7B735D6}"
EndProject
Global
	GlobalSection(SolutionConfigurationPlatforms) = preSolution
		Debug|Any CPU = Debug|Any CPU
		Release|Any CPU = Release|Any CPU
	EndGlobalSection
	GlobalSection(ProjectConfigurationPlatforms) = postSolution
		{183FAC10-B6D8-4003-9F8F-50E0928A8CD6}.Debug|Any CPU.ActiveCfg = Debug|Any CPU
		{183FAC10-B6D8-4003-9F8F-50E0928A8CD6}.Debug|Any CPU.Build.0 = Debug|Any CPU
		{183FAC10-B6D8-4003-9F8F-50E0928A8CD6}.Release|Any CPU.ActiveCfg = Release|Any CPU
		{183FAC10-B6D8-4003-9F8F-50E0928A8CD6}.Release|Any CPU.Build.0 = Release|Any CPU
		{DB5F9042-1B50-4A3A-A139-49ECA7B735D6}.Debug|Any CPU.ActiveCfg = Debug|Any CPU
		{DB5F9042-1B50-4A3A-A139-49ECA7B735D6}.Debug|Any CPU.Build.0 = Debug|Any CPU
		{DB5F9042-1B50-4A3A-A139-49ECA7B735D6}.Release|Any CPU.ActiveCfg = Release|Any CPU
		{DB5F9042-1B50-4A3A-A139-49ECA7B735D6}.Release|Any CPU.Build.0 = Release|Any CPU
	EndGlobalSection
	GlobalSection(SolutionProperties) = preSolution
		HideSolutionNode = FALSE
	EndGlobalSection
	GlobalSection(ExtensibilityGlobals) = postSolution
		SolutionGuid = {5A0B10EB-950D-407B-BF26-6079EF074C87}
	EndGlobalSection
EndGlobal
